
Microsoft Visual Studio Solution File, Format Version 12.00
# Visual Studio Version 17
VisualStudioVersion = 17.0.31903.59
MinimumVisualStudioVersion = 10.0.40219.1
Project("{9A19103F-16F7-4668-BE54-9A1E7A4F7556}") = "VirtualButton", "VirtualButton.csproj", "{752AF3A9-C461-48C4-A35D-493605B8365C}"
EndProject
Global
	GlobalSection(SolutionConfigurationPlatforms) = preSolution
		Debug|Any CPU = Debug|Any CPU
		Release|Any CPU = Release|Any CPU
	EndGlobalSection
	GlobalSection(ProjectConfigurationPlatforms) = postSolution
		{752AF3A9-C461-48C4-A35D-493605B8365C}.Debug|Any CPU.ActiveCfg = Debug|Any CPU
		{752AF3A9-C461-48C4-A35D-493605B8365C}.Debug|Any CPU.Build.0 = Debug|Any CPU
		{752AF3A9-C461-48C4-A35D-493605B8365C}.Release|Any CPU.ActiveCfg = Release|Any CPU
		{752AF3A9-C461-48C4-A35D-493605B8365C}.Release|Any CPU.Build.0 = Release|Any CPU
	EndGlobalSection
	GlobalSection(SolutionProperties) = preSolution
		HideSolutionNode = FALSE
	EndGlobalSection
	GlobalSection(ExtensibilityGlobals) = postSolution
		SolutionGuid = {CA14A261-9393-4109-8C61-ED685B1F6D17}
	EndGlobalSection
EndGlobal
